
Microsoft Visual Studio Solution File, Format Version 12.00
# Visual Studio Version 17
VisualStudioVersion = 17.9.34728.123
MinimumVisualStudioVersion = 10.0.40219.1
Project("{FAE04EC0-301F-11D3-BF4B-00C04F79EFBC}") = "Find_Library", "Find_Library\Find_Library.csproj", "{D05FEDE1-75FA-454C-9050-BCD73376FCE9}"
EndProject
Global
	GlobalSection(SolutionConfigurationPlatforms) = preSolution
		Debug|Any CPU = Debug|Any CPU
		Release|Any CPU = Release|Any CPU
	EndGlobalSection
	GlobalSection(ProjectConfigurationPlatforms) = postSolution
		{D05FEDE1-75FA-454C-9050-BCD73376FCE9}.Debug|Any CPU.ActiveCfg = Debug|Any CPU
		{D05FEDE1-75FA-454C-9050-BCD73376FCE9}.Debug|Any CPU.Build.0 = Debug|Any CPU
		{D05FEDE1-75FA-454C-9050-BCD73376FCE9}.Release|Any CPU.ActiveCfg = Release|Any CPU
		{D05FEDE1-75FA-454C-9050-BCD73376FCE9}.Release|Any CPU.Build.0 = Release|Any CPU
	EndGlobalSection
	GlobalSection(SolutionProperties) = preSolution
		HideSolutionNode = FALSE
	EndGlobalSection
	GlobalSection(ExtensibilityGlobals) = postSolution
		SolutionGuid = {A78E8E93-9F1E-4FDA-9C8C-C8B858275112}
	EndGlobalSection
EndGlobal
